
Microsoft Visual Studio Solution File, Format Version 12.00
# Visual Studio Version 16
VisualStudioVersion = 16.0.30503.244
MinimumVisualStudioVersion = 10.0.40219.1
Project("{FAE04EC0-301F-11D3-BF4B-00C04F79EFBC}") = "XIVChatPlugin", "XIVChatPlugin\XIVChatPlugin.csproj", "{9AEB2B77-C127-4BA8-B9AE-FB3CA1649FDB}"
EndProject
Project("{2150E333-8FDC-42A3-9474-1A3956D46DE8}") = "Solution Items", "Solution Items", "{9F0334E6-42D0-4CCE-888B-64DBE39D8407}"
	ProjectSection(SolutionItems) = preProject
		.editorconfig = .editorconfig
	EndProjectSection
EndProject
Project("{9A19103F-16F7-4668-BE54-9A1E7A4F7556}") = "XIVChatCommon", "XIVChatCommon\XIVChatCommon.csproj", "{6F426EAB-15D4-48AC-80D2-2D2DF2CE5EE0}"
EndProject
Project("{9A19103F-16F7-4668-BE54-9A1E7A4F7556}") = "XIVChat Desktop", "XIVChat Desktop\XIVChat Desktop.csproj", "{D2773EAE-6B9E-4017-9681-585AAB5A99F4}"
EndProject
Project("{930C7802-8A8C-48F9-8165-68863BCCD9DD}") = "XIVChat Desktop Installer", "XIVChat Desktop Installer\XIVChat Desktop Installer.wixproj", "{6017ABE2-E82F-476D-B3DA-18B634E092F2}"
EndProject
Global
	GlobalSection(SolutionConfigurationPlatforms) = preSolution
		Debug|Any CPU = Debug|Any CPU
		Release|Any CPU = Release|Any CPU
	EndGlobalSection
	GlobalSection(ProjectConfigurationPlatforms) = postSolution
		{9AEB2B77-C127-4BA8-B9AE-FB3CA1649FDB}.Debug|Any CPU.ActiveCfg = Debug|Any CPU
		{9AEB2B77-C127-4BA8-B9AE-FB3CA1649FDB}.Debug|Any CPU.Build.0 = Debug|Any CPU
		{9AEB2B77-C127-4BA8-B9AE-FB3CA1649FDB}.Release|Any CPU.ActiveCfg = Release|Any CPU
		{9AEB2B77-C127-4BA8-B9AE-FB3CA1649FDB}.Release|Any CPU.Build.0 = Release|Any CPU
		{6F426EAB-15D4-48AC-80D2-2D2DF2CE5EE0}.Debug|Any CPU.ActiveCfg = Debug|Any CPU
		{6F426EAB-15D4-48AC-80D2-2D2DF2CE5EE0}.Debug|Any CPU.Build.0 = Debug|Any CPU
		{6F426EAB-15D4-48AC-80D2-2D2DF2CE5EE0}.Release|Any CPU.ActiveCfg = Release|Any CPU
		{6F426EAB-15D4-48AC-80D2-2D2DF2CE5EE0}.Release|Any CPU.Build.0 = Release|Any CPU
		{D2773EAE-6B9E-4017-9681-585AAB5A99F4}.Debug|Any CPU.ActiveCfg = Debug|Any CPU
		{D2773EAE-6B9E-4017-9681-585AAB5A99F4}.Debug|Any CPU.Build.0 = Debug|Any CPU
		{D2773EAE-6B9E-4017-9681-585AAB5A99F4}.Release|Any CPU.ActiveCfg = Release|Any CPU
		{D2773EAE-6B9E-4017-9681-585AAB5A99F4}.Release|Any CPU.Build.0 = Release|Any CPU
		{6017ABE2-E82F-476D-B3DA-18B634E092F2}.Debug|Any CPU.ActiveCfg = Debug|x64
		{6017ABE2-E82F-476D-B3DA-18B634E092F2}.Release|Any CPU.ActiveCfg = Release|x64
	EndGlobalSection
	GlobalSection(SolutionProperties) = preSolution
		HideSolutionNode = FALSE
	EndGlobalSection
	GlobalSection(ExtensibilityGlobals) = postSolution
		SolutionGuid = {5833B759-E940-40DC-8768-B20D1257FF86}
	EndGlobalSection
EndGlobal
