{
  "version": 1,
  "dependencies": {
    "net8.0-windows7.0": {
      "DalamudPackager": {
        "type": "Direct",
        "requested": "[2.1.13, )",
        "resolved": "2.1.13",
        "contentHash": "rMN1omGe8536f4xLMvx9NwfvpAc9YFFfeXJ1t4P4PE6Gu8WCIoFliR1sh07hM+bfODmesk/dvMbji7vNI+B/pQ=="
      },
      "MessagePack": {
        "type": "Direct",
        "requested": "[2.5.168, )",
        "resolved": "2.5.168",
        "contentHash": "F2qElrtPQF9tDIcrNicsFdoELaRlXlcSXxwvX4ExH7hU6LjdeIxpgrF2o5nqaZahLbSKaqkRtOU15+gVCjNiLw==",
        "dependencies": {
          "MessagePack.Annotations": "2.5.168",
          "Microsoft.NET.StringTools": "17.6.3"
        }
      },
      "PeepingTom.Ipc": {
        "type": "Direct",
        "requested": "[1.0.0, )",
        "resolved": "1.0.0",
        "contentHash": "u6lb0mLBbqGdKvafYGyh4yqEO5rZulCBTAaVvfV2h5+OYX20bw44eUeIbVJTc2TinUXezE8dON/0igwFzYHAZw=="
      },
      "Sodium.Core": {
        "type": "Direct",
        "requested": "[1.3.5, )",
        "resolved": "1.3.5",
        "contentHash": "6SMCCZ895tTNKq7CCo0Cr+U0+d/dEQuKxoJKkfsZpEk1Swhb7ykoO7euOti7GIo7JSce+qwxKa2aDYecEw3UwQ==",
        "dependencies": {
          "libsodium": "1.0.19"
        }
      },
      "System.Threading.Channels": {
        "type": "Direct",
        "requested": "[8.0.0, )",
        "resolved": "8.0.0",
        "contentHash": "CMaFr7v+57RW7uZfZkPExsPB6ljwzhjACWW1gfU35Y56rk72B/Wu+sTqxVmGSk4SFUlPc3cjeKND0zktziyjBA=="
      },
      "WebSocketSharp-netstandard": {
        "type": "Direct",
        "requested": "[1.0.1, )",
        "resolved": "1.0.1",
        "contentHash": "knoinAv31vbdxXdypnzN2MPX5hyntVLWceq6OdWRXkr9zzqp/RWbxSuLFGbkW8De1061URgNAN43BUTlgMx1CA=="
      },
      "libsodium": {
        "type": "Transitive",
        "resolved": "1.0.19",
        "contentHash": "tupm/HViwBN6Knd/gckR+cLaJGR39GLmiU4iDMM5hp/1BoczMr8fwJhSU+3/C2V4hi9nBK/4FICRKtTLU30TCA=="
      },
      "MessagePack.Annotations": {
        "type": "Transitive",
        "resolved": "2.5.168",
        "contentHash": "SYIU9qfbVJvpi/qGoQt9bdhLzuywhx5Mx0syWbYz4V+vr3WNHkQgWok+HUDnh84BVCQlxwMZhYGBaRNN15HoxA=="
      },
      "Microsoft.NET.StringTools": {
        "type": "Transitive",
        "resolved": "17.6.3",
        "contentHash": "N0ZIanl1QCgvUumEL1laasU0a7sOE5ZwLZVTn0pAePnfhq8P7SvTjF8Axq+CnavuQkmdQpGNXQ1efZtu5kDFbA=="
      },
      "xivchatcommon": {
        "type": "Project",
        "dependencies": {
          "MessagePack": "[2.5.168, )",
          "Sodium.Core": "[1.3.5, )"
        }
      }
    }
  }
}