{
  "version": 1,
  "dependencies": {
    "net7.0-windows7.0": {
      "DalamudPackager": {
        "type": "Direct",
        "requested": "[2.1.10, )",
        "resolved": "2.1.10",
        "contentHash": "S6NrvvOnLgT4GDdgwuKVJjbFo+8ZEj+JsEYk9ojjOR/MMfv1dIFpT8aRJQfI24rtDcw1uF+GnSSMN4WW1yt7fw=="
      },
      "MessagePack": {
        "type": "Direct",
        "requested": "[2.4.59, )",
        "resolved": "2.4.59",
        "contentHash": "bj1NsZu4SckIIHxZcLc3+S64MiDRm+YlQi9MDsA+dt6x/QNiELftDQ9VQ88n3sgRzaniMqgfzO9pHXGoxcsKCQ==",
        "dependencies": {
          "MessagePack.Annotations": "2.4.59",
          "Microsoft.NET.StringTools": "17.4.0"
        }
      },
      "PeepingTom.Ipc": {
        "type": "Direct",
        "requested": "[1.0.0, )",
        "resolved": "1.0.0",
        "contentHash": "u6lb0mLBbqGdKvafYGyh4yqEO5rZulCBTAaVvfV2h5+OYX20bw44eUeIbVJTc2TinUXezE8dON/0igwFzYHAZw=="
      },
      "Sodium.Core": {
        "type": "Direct",
        "requested": "[1.3.3, )",
        "resolved": "1.3.3",
        "contentHash": "XjAzj6RCSMB2/7j8nH3Rcq9Q/yIAvdEu8mCfwfs8s7cG5TMyefhuhlLBDOGA0my/n/aWVxE5QHORHHNYBMianA==",
        "dependencies": {
          "libsodium": "1.0.18.4"
        }
      },
      "System.Threading.Channels": {
        "type": "Direct",
        "requested": "[7.0.0, )",
        "resolved": "7.0.0",
        "contentHash": "qmeeYNROMsONF6ndEZcIQ+VxR4Q/TX/7uIVLJqtwIWL7dDWeh0l1UIqgo4wYyjG//5lUNhwkLDSFl+pAWO6oiA=="
      },
      "WebSocketSharp-netstandard": {
        "type": "Direct",
        "requested": "[1.0.1, )",
        "resolved": "1.0.1",
        "contentHash": "knoinAv31vbdxXdypnzN2MPX5hyntVLWceq6OdWRXkr9zzqp/RWbxSuLFGbkW8De1061URgNAN43BUTlgMx1CA=="
      },
      "XivCommon": {
        "type": "Direct",
        "requested": "[7.0.0-alpha.1, )",
        "resolved": "7.0.0-alpha.1",
        "contentHash": "4Yy4Wg3bnI/g9BSEYAqOZALmVMJZS0wcP847VlUIThBqIS/47O6tw2BI84he4KuPSTfIsYOzrcz3vAia8+Pn3g=="
      },
      "libsodium": {
        "type": "Transitive",
        "resolved": "1.0.18.4",
        "contentHash": "luZH2Gu8jOjP8fR+es691RKEzLsdyHEvNncnjKXFievPCKGfPRM6xg7qrd8Ulzx8vhEjrpVGG3eOzTgvUf1MVA=="
      },
      "MessagePack.Annotations": {
        "type": "Transitive",
        "resolved": "2.4.59",
        "contentHash": "3I1OxkqjiL0QEHnEJCia5TOeQuqVpYmNbprdw9uyIRXniei01ElWTS7Qcte+ionHM0KYiPWYhXQFJIeYb5Hbrg=="
      },
      "Microsoft.NET.StringTools": {
        "type": "Transitive",
        "resolved": "17.4.0",
        "contentHash": "06T6Hqfs3JDIaBvJaBRFFMIdU7oE0OMab5Xl8LKQjWPxBQr3BgVFKMQPTC+GsSEuYREWmK6g5eOd7Xqd9p1YCA==",
        "dependencies": {
          "System.Memory": "4.5.5",
          "System.Runtime.CompilerServices.Unsafe": "6.0.0"
        }
      },
      "System.Memory": {
        "type": "Transitive",
        "resolved": "4.5.5",
        "contentHash": "XIWiDvKPXaTveaB7HVganDlOCRoj03l+jrwNvcge/t8vhGYKvqV+dMv6G4SAX2NoNmN0wZfVPTAlFwZcZvVOUw=="
      },
      "System.Runtime.CompilerServices.Unsafe": {
        "type": "Transitive",
        "resolved": "6.0.0",
        "contentHash": "/iUeP3tq1S0XdNNoMz5C9twLSrM/TH+qElHkXWaPvuNOt+99G75NrV0OS2EqHx5wMN7popYjpc8oTjC1y16DLg=="
      },
      "xivchatcommon": {
        "type": "Project",
        "dependencies": {
          "MessagePack": "[2.4.59, )",
          "Sodium.Core": "[1.3.3, )"
        }
      }
    }
  }
}