{
  "version": 1,
  "dependencies": {
    "net6.0-windows7.0": {
      "DalamudLinter": {
        "type": "Direct",
        "requested": "[1.0.3, )",
        "resolved": "1.0.3",
        "contentHash": "yODrbT8F73JJsvC3UbQ+Cn+huhH4TEYvlunjKUUed2SHBhGDJrkV8l21Xe9GMut4ZauPvySgYWUigX/msAAEag=="
      },
      "DalamudPackager": {
        "type": "Direct",
        "requested": "[2.1.8, )",
        "resolved": "2.1.8",
        "contentHash": "YqagNXs9InxmqkXzq7kLveImxnodkBEicAhydMXVp7dFjC7xb76U6zGgAax4/BWIWfZeWzr5DJyQSev31kj81A=="
      },
      "MessagePack": {
        "type": "Direct",
        "requested": "[2.4.35, )",
        "resolved": "2.4.35",
        "contentHash": "sWyuByDues5fXghrCXXt5BSiqsQSjFWC+srBU97iwWWCV3JhiI3HoML5/Uj4zK9yD8pnAk2oobuuvwYfHhUruA==",
        "dependencies": {
          "MessagePack.Annotations": "2.4.35",
          "Microsoft.NET.StringTools": "1.0.0"
        }
      },
      "PeepingTom.Ipc": {
        "type": "Direct",
        "requested": "[1.0.0, )",
        "resolved": "1.0.0",
        "contentHash": "u6lb0mLBbqGdKvafYGyh4yqEO5rZulCBTAaVvfV2h5+OYX20bw44eUeIbVJTc2TinUXezE8dON/0igwFzYHAZw=="
      },
      "Sodium.Core": {
        "type": "Direct",
        "requested": "[1.3.1, )",
        "resolved": "1.3.1",
        "contentHash": "l5dzW/cmWOKxIqKGy8DAdOlOkDNsRyMZA+CcTbZ4JzhHbHjZ4f9sGH88zOhRnk/yUPvybjCnRLbXzCaALRpm0Q==",
        "dependencies": {
          "libsodium": "1.0.18.2"
        }
      },
      "System.Threading.Channels": {
        "type": "Direct",
        "requested": "[6.0.0, )",
        "resolved": "6.0.0",
        "contentHash": "TY8/9+tI0mNaUMgntOxxaq2ndTkdXqLSxvPmas7XEqOlv9lQtB7wLjYGd756lOaO7Dvb5r/WXhluM+0Xe87v5Q=="
      },
      "WebSocketSharp-netstandard": {
        "type": "Direct",
        "requested": "[1.0.1, )",
        "resolved": "1.0.1",
        "contentHash": "knoinAv31vbdxXdypnzN2MPX5hyntVLWceq6OdWRXkr9zzqp/RWbxSuLFGbkW8De1061URgNAN43BUTlgMx1CA=="
      },
      "XivCommon": {
        "type": "Direct",
        "requested": "[6.0.2, )",
        "resolved": "6.0.2",
        "contentHash": "C/GnQ61iO0yEpf8LPixU3tCThar1MWUiBkO8gdZHNtVskg8AvFeuIxk7Zmkf2yeAJ0drR/KOTdSS7GpbsgmoaQ=="
      },
      "libsodium": {
        "type": "Transitive",
        "resolved": "1.0.18.2",
        "contentHash": "flArHoVdscSzyV8ZdPV+bqqY2TTFlaN+xZf/vIqsmHI51KVcD/mOdUPaK3n/k/wGKz8dppiktXUqSmf3AXFgig=="
      },
      "MessagePack.Annotations": {
        "type": "Transitive",
        "resolved": "2.4.35",
        "contentHash": "6wfQ3Law5TMPeMm/HpYpMLal5HzEj70QFmbXWzHJjRsxF+nEol8RP3mqGUIctN9pItdtKCpbrpP8iEpSCkORCA=="
      },
      "Microsoft.NET.StringTools": {
        "type": "Transitive",
        "resolved": "1.0.0",
        "contentHash": "ZYVcoDM0LnSyT5nWoRGfShYdOecCw2sOXWwP6j1Z0u48Xq3+BVvZ+EiPCX9/8Gz439giW+O1H1kWF9Eb/w6rVg==",
        "dependencies": {
          "System.Memory": "4.5.4",
          "System.Runtime.CompilerServices.Unsafe": "5.0.0"
        }
      },
      "System.Memory": {
        "type": "Transitive",
        "resolved": "4.5.4",
        "contentHash": "1MbJTHS1lZ4bS4FmsJjnuGJOu88ZzTT2rLvrhW7Ygic+pC0NWA+3hgAen0HRdsocuQXCkUTdFn9yHJJhsijDXw=="
      },
      "System.Runtime.CompilerServices.Unsafe": {
        "type": "Transitive",
        "resolved": "5.0.0",
        "contentHash": "ZD9TMpsmYJLrxbbmdvhwt9YEgG5WntEnZ/d1eH8JBX9LBp+Ju8BSBhUGbZMNVHHomWo2KVImJhTDl2hIgw/6MA=="
      },
      "xivchatcommon": {
        "type": "Project",
        "dependencies": {
          "MessagePack": "2.4.35",
          "Sodium.Core": "1.3.1"
        }
      }
    }
  }
}